
Microsoft Visual Studio Solution File, Format Version 12.00
# Visual Studio Version 16
VisualStudioVersion = 16.0.30225.117
MinimumVisualStudioVersion = 15.0.26124.0
Project("{2150E333-8FDC-42A3-9474-1A3956D46DE8}") = "src", "src", "{BEF967FE-B6BA-448C-989E-08F8655FD951}"
EndProject
Project("{2150E333-8FDC-42A3-9474-1A3956D46DE8}") = "test", "test", "{0905D9C9-6A8D-44D8-BDDE-904A5E618508}"
EndProject
Project("{9A19103F-16F7-4668-BE54-9A1E7A4F7556}") = "Panther.Core.Abstractions", "src\Panther.Core.Abstractions\Panther.Core.Abstractions.csproj", "{1D26C7CC-55EB-45A7-AA03-EA5411EF9EB8}"
EndProject
Project("{9A19103F-16F7-4668-BE54-9A1E7A4F7556}") = "Panther.Core.Data", "src\Panther.Core.Data\Panther.Core.Data.csproj", "{7AC7DAF7-7180-4807-B8DB-E03A97DAE8A3}"
EndProject
Project("{9A19103F-16F7-4668-BE54-9A1E7A4F7556}") = "Panther.Core.Library", "src\Panther.Core.Library\Panther.Core.Library.csproj", "{582E5B0C-C914-4B0E-B20F-B06A2B6DAA67}"
EndProject
Project("{9A19103F-16F7-4668-BE54-9A1E7A4F7556}") = "Panther.Core.Player", "src\Panther.Core.Player\Panther.Core.Player.csproj", "{757CC3B8-42F4-4C4C-9F3F-B239F4346BB1}"
EndProject
Project("{9A19103F-16F7-4668-BE54-9A1E7A4F7556}") = "Panther.Core.ViewModels", "src\Panther.Core.ViewModels\Panther.Core.ViewModels.csproj", "{033C61A5-F261-45D1-B506-90EF368FA682}"
EndProject
Project("{9A19103F-16F7-4668-BE54-9A1E7A4F7556}") = "Panther.Core.DependencyInjection", "src\Panther.Core.DependencyInjection\Panther.Core.DependencyInjection.csproj", "{B78A7B2C-BF49-40C2-90B8-3C4053847D6A}"
EndProject
Project("{9A19103F-16F7-4668-BE54-9A1E7A4F7556}") = "Panther.Core.Library.Tests", "test\Panther.Core.Library.Tests\Panther.Core.Library.Tests.csproj", "{CC707F63-3F67-4552-A9BE-4340D490D674}"
EndProject
Project("{FAE04EC0-301F-11D3-BF4B-00C04F79EFBC}") = "Panther.Core", "src\Panther.Core\Panther.Core.csproj", "{541D0A69-75A2-46C5-A4B1-9CE83FFDDB8E}"
EndProject
Global
	GlobalSection(SolutionConfigurationPlatforms) = preSolution
		Debug|Any CPU = Debug|Any CPU
		Debug|x64 = Debug|x64
		Debug|x86 = Debug|x86
		Release|Any CPU = Release|Any CPU
		Release|x64 = Release|x64
		Release|x86 = Release|x86
	EndGlobalSection
	GlobalSection(ProjectConfigurationPlatforms) = postSolution
		{1D26C7CC-55EB-45A7-AA03-EA5411EF9EB8}.Debug|Any CPU.ActiveCfg = Debug|Any CPU
		{1D26C7CC-55EB-45A7-AA03-EA5411EF9EB8}.Debug|Any CPU.Build.0 = Debug|Any CPU
		{1D26C7CC-55EB-45A7-AA03-EA5411EF9EB8}.Debug|x64.ActiveCfg = Debug|Any CPU
		{1D26C7CC-55EB-45A7-AA03-EA5411EF9EB8}.Debug|x64.Build.0 = Debug|Any CPU
		{1D26C7CC-55EB-45A7-AA03-EA5411EF9EB8}.Debug|x86.ActiveCfg = Debug|Any CPU
		{1D26C7CC-55EB-45A7-AA03-EA5411EF9EB8}.Debug|x86.Build.0 = Debug|Any CPU
		{1D26C7CC-55EB-45A7-AA03-EA5411EF9EB8}.Release|Any CPU.ActiveCfg = Release|Any CPU
		{1D26C7CC-55EB-45A7-AA03-EA5411EF9EB8}.Release|Any CPU.Build.0 = Release|Any CPU
		{1D26C7CC-55EB-45A7-AA03-EA5411EF9EB8}.Release|x64.ActiveCfg = Release|Any CPU
		{1D26C7CC-55EB-45A7-AA03-EA5411EF9EB8}.Release|x64.Build.0 = Release|Any CPU
		{1D26C7CC-55EB-45A7-AA03-EA5411EF9EB8}.Release|x86.ActiveCfg = Release|Any CPU
		{1D26C7CC-55EB-45A7-AA03-EA5411EF9EB8}.Release|x86.Build.0 = Release|Any CPU
		{7AC7DAF7-7180-4807-B8DB-E03A97DAE8A3}.Debug|Any CPU.ActiveCfg = Debug|Any CPU
		{7AC7DAF7-7180-4807-B8DB-E03A97DAE8A3}.Debug|Any CPU.Build.0 = Debug|Any CPU
		{7AC7DAF7-7180-4807-B8DB-E03A97DAE8A3}.Debug|x64.ActiveCfg = Debug|Any CPU
		{7AC7DAF7-7180-4807-B8DB-E03A97DAE8A3}.Debug|x64.Build.0 = Debug|Any CPU
		{7AC7DAF7-7180-4807-B8DB-E03A97DAE8A3}.Debug|x86.ActiveCfg = Debug|Any CPU
		{7AC7DAF7-7180-4807-B8DB-E03A97DAE8A3}.Debug|x86.Build.0 = Debug|Any CPU
		{7AC7DAF7-7180-4807-B8DB-E03A97DAE8A3}.Release|Any CPU.ActiveCfg = Release|Any CPU
		{7AC7DAF7-7180-4807-B8DB-E03A97DAE8A3}.Release|Any CPU.Build.0 = Release|Any CPU
		{7AC7DAF7-7180-4807-B8DB-E03A97DAE8A3}.Release|x64.ActiveCfg = Release|Any CPU
		{7AC7DAF7-7180-4807-B8DB-E03A97DAE8A3}.Release|x64.Build.0 = Release|Any CPU
		{7AC7DAF7-7180-4807-B8DB-E03A97DAE8A3}.Release|x86.ActiveCfg = Release|Any CPU
		{7AC7DAF7-7180-4807-B8DB-E03A97DAE8A3}.Release|x86.Build.0 = Release|Any CPU
		{582E5B0C-C914-4B0E-B20F-B06A2B6DAA67}.Debug|Any CPU.ActiveCfg = Debug|Any CPU
		{582E5B0C-C914-4B0E-B20F-B06A2B6DAA67}.Debug|Any CPU.Build.0 = Debug|Any CPU
		{582E5B0C-C914-4B0E-B20F-B06A2B6DAA67}.Debug|x64.ActiveCfg = Debug|Any CPU
		{582E5B0C-C914-4B0E-B20F-B06A2B6DAA67}.Debug|x64.Build.0 = Debug|Any CPU
		{582E5B0C-C914-4B0E-B20F-B06A2B6DAA67}.Debug|x86.ActiveCfg = Debug|Any CPU
		{582E5B0C-C914-4B0E-B20F-B06A2B6DAA67}.Debug|x86.Build.0 = Debug|Any CPU
		{582E5B0C-C914-4B0E-B20F-B06A2B6DAA67}.Release|Any CPU.ActiveCfg = Release|Any CPU
		{582E5B0C-C914-4B0E-B20F-B06A2B6DAA67}.Release|Any CPU.Build.0 = Release|Any CPU
		{582E5B0C-C914-4B0E-B20F-B06A2B6DAA67}.Release|x64.ActiveCfg = Release|Any CPU
		{582E5B0C-C914-4B0E-B20F-B06A2B6DAA67}.Release|x64.Build.0 = Release|Any CPU
		{582E5B0C-C914-4B0E-B20F-B06A2B6DAA67}.Release|x86.ActiveCfg = Release|Any CPU
		{582E5B0C-C914-4B0E-B20F-B06A2B6DAA67}.Release|x86.Build.0 = Release|Any CPU
		{757CC3B8-42F4-4C4C-9F3F-B239F4346BB1}.Debug|Any CPU.ActiveCfg = Debug|Any CPU
		{757CC3B8-42F4-4C4C-9F3F-B239F4346BB1}.Debug|Any CPU.Build.0 = Debug|Any CPU
		{757CC3B8-42F4-4C4C-9F3F-B239F4346BB1}.Debug|x64.ActiveCfg = Debug|Any CPU
		{757CC3B8-42F4-4C4C-9F3F-B239F4346BB1}.Debug|x64.Build.0 = Debug|Any CPU
		{757CC3B8-42F4-4C4C-9F3F-B239F4346BB1}.Debug|x86.ActiveCfg = Debug|Any CPU
		{757CC3B8-42F4-4C4C-9F3F-B239F4346BB1}.Debug|x86.Build.0 = Debug|Any CPU
		{757CC3B8-42F4-4C4C-9F3F-B239F4346BB1}.Release|Any CPU.ActiveCfg = Release|Any CPU
		{757CC3B8-42F4-4C4C-9F3F-B239F4346BB1}.Release|Any CPU.Build.0 = Release|Any CPU
		{757CC3B8-42F4-4C4C-9F3F-B239F4346BB1}.Release|x64.ActiveCfg = Release|Any CPU
		{757CC3B8-42F4-4C4C-9F3F-B239F4346BB1}.Release|x64.Build.0 = Release|Any CPU
		{757CC3B8-42F4-4C4C-9F3F-B239F4346BB1}.Release|x86.ActiveCfg = Release|Any CPU
		{757CC3B8-42F4-4C4C-9F3F-B239F4346BB1}.Release|x86.Build.0 = Release|Any CPU
		{033C61A5-F261-45D1-B506-90EF368FA682}.Debug|Any CPU.ActiveCfg = Debug|Any CPU
		{033C61A5-F261-45D1-B506-90EF368FA682}.Debug|Any CPU.Build.0 = Debug|Any CPU
		{033C61A5-F261-45D1-B506-90EF368FA682}.Debug|x64.ActiveCfg = Debug|Any CPU
		{033C61A5-F261-45D1-B506-90EF368FA682}.Debug|x64.Build.0 = Debug|Any CPU
		{033C61A5-F261-45D1-B506-90EF368FA682}.Debug|x86.ActiveCfg = Debug|Any CPU
		{033C61A5-F261-45D1-B506-90EF368FA682}.Debug|x86.Build.0 = Debug|Any CPU
		{033C61A5-F261-45D1-B506-90EF368FA682}.Release|Any CPU.ActiveCfg = Release|Any CPU
		{033C61A5-F261-45D1-B506-90EF368FA682}.Release|Any CPU.Build.0 = Release|Any CPU
		{033C61A5-F261-45D1-B506-90EF368FA682}.Release|x64.ActiveCfg = Release|Any CPU
		{033C61A5-F261-45D1-B506-90EF368FA682}.Release|x64.Build.0 = Release|Any CPU
		{033C61A5-F261-45D1-B506-90EF368FA682}.Release|x86.ActiveCfg = Release|Any CPU
		{033C61A5-F261-45D1-B506-90EF368FA682}.Release|x86.Build.0 = Release|Any CPU
		{B78A7B2C-BF49-40C2-90B8-3C4053847D6A}.Debug|Any CPU.ActiveCfg = Debug|Any CPU
		{B78A7B2C-BF49-40C2-90B8-3C4053847D6A}.Debug|Any CPU.Build.0 = Debug|Any CPU
		{B78A7B2C-BF49-40C2-90B8-3C4053847D6A}.Debug|x64.ActiveCfg = Debug|Any CPU
		{B78A7B2C-BF49-40C2-90B8-3C4053847D6A}.Debug|x64.Build.0 = Debug|Any CPU
		{B78A7B2C-BF49-40C2-90B8-3C4053847D6A}.Debug|x86.ActiveCfg = Debug|Any CPU
		{B78A7B2C-BF49-40C2-90B8-3C4053847D6A}.Debug|x86.Build.0 = Debug|Any CPU
		{B78A7B2C-BF49-40C2-90B8-3C4053847D6A}.Release|Any CPU.ActiveCfg = Release|Any CPU
		{B78A7B2C-BF49-40C2-90B8-3C4053847D6A}.Release|Any CPU.Build.0 = Release|Any CPU
		{B78A7B2C-BF49-40C2-90B8-3C4053847D6A}.Release|x64.ActiveCfg = Release|Any CPU
		{B78A7B2C-BF49-40C2-90B8-3C4053847D6A}.Release|x64.Build.0 = Release|Any CPU
		{B78A7B2C-BF49-40C2-90B8-3C4053847D6A}.Release|x86.ActiveCfg = Release|Any CPU
		{B78A7B2C-BF49-40C2-90B8-3C4053847D6A}.Release|x86.Build.0 = Release|Any CPU
		{CC707F63-3F67-4552-A9BE-4340D490D674}.Debug|Any CPU.ActiveCfg = Debug|Any CPU
		{CC707F63-3F67-4552-A9BE-4340D490D674}.Debug|Any CPU.Build.0 = Debug|Any CPU
		{CC707F63-3F67-4552-A9BE-4340D490D674}.Debug|x64.ActiveCfg = Debug|Any CPU
		{CC707F63-3F67-4552-A9BE-4340D490D674}.Debug|x64.Build.0 = Debug|Any CPU
		{CC707F63-3F67-4552-A9BE-4340D490D674}.Debug|x86.ActiveCfg = Debug|Any CPU
		{CC707F63-3F67-4552-A9BE-4340D490D674}.Debug|x86.Build.0 = Debug|Any CPU
		{CC707F63-3F67-4552-A9BE-4340D490D674}.Release|Any CPU.ActiveCfg = Release|Any CPU
		{CC707F63-3F67-4552-A9BE-4340D490D674}.Release|Any CPU.Build.0 = Release|Any CPU
		{CC707F63-3F67-4552-A9BE-4340D490D674}.Release|x64.ActiveCfg = Release|Any CPU
		{CC707F63-3F67-4552-A9BE-4340D490D674}.Release|x64.Build.0 = Release|Any CPU
		{CC707F63-3F67-4552-A9BE-4340D490D674}.Release|x86.ActiveCfg = Release|Any CPU
		{CC707F63-3F67-4552-A9BE-4340D490D674}.Release|x86.Build.0 = Release|Any CPU
		{541D0A69-75A2-46C5-A4B1-9CE83FFDDB8E}.Debug|Any CPU.ActiveCfg = Debug|Any CPU
		{541D0A69-75A2-46C5-A4B1-9CE83FFDDB8E}.Debug|Any CPU.Build.0 = Debug|Any CPU
		{541D0A69-75A2-46C5-A4B1-9CE83FFDDB8E}.Debug|x64.ActiveCfg = Debug|Any CPU
		{541D0A69-75A2-46C5-A4B1-9CE83FFDDB8E}.Debug|x64.Build.0 = Debug|Any CPU
		{541D0A69-75A2-46C5-A4B1-9CE83FFDDB8E}.Debug|x86.ActiveCfg = Debug|Any CPU
		{541D0A69-75A2-46C5-A4B1-9CE83FFDDB8E}.Debug|x86.Build.0 = Debug|Any CPU
		{541D0A69-75A2-46C5-A4B1-9CE83FFDDB8E}.Release|Any CPU.ActiveCfg = Release|Any CPU
		{541D0A69-75A2-46C5-A4B1-9CE83FFDDB8E}.Release|Any CPU.Build.0 = Release|Any CPU
		{541D0A69-75A2-46C5-A4B1-9CE83FFDDB8E}.Release|x64.ActiveCfg = Release|Any CPU
		{541D0A69-75A2-46C5-A4B1-9CE83FFDDB8E}.Release|x64.Build.0 = Release|Any CPU
		{541D0A69-75A2-46C5-A4B1-9CE83FFDDB8E}.Release|x86.ActiveCfg = Release|Any CPU
		{541D0A69-75A2-46C5-A4B1-9CE83FFDDB8E}.Release|x86.Build.0 = Release|Any CPU
	EndGlobalSection
	GlobalSection(SolutionProperties) = preSolution
		HideSolutionNode = FALSE
	EndGlobalSection
	GlobalSection(NestedProjects) = preSolution
		{1D26C7CC-55EB-45A7-AA03-EA5411EF9EB8} = {BEF967FE-B6BA-448C-989E-08F8655FD951}
		{7AC7DAF7-7180-4807-B8DB-E03A97DAE8A3} = {BEF967FE-B6BA-448C-989E-08F8655FD951}
		{582E5B0C-C914-4B0E-B20F-B06A2B6DAA67} = {BEF967FE-B6BA-448C-989E-08F8655FD951}
		{757CC3B8-42F4-4C4C-9F3F-B239F4346BB1} = {BEF967FE-B6BA-448C-989E-08F8655FD951}
		{033C61A5-F261-45D1-B506-90EF368FA682} = {BEF967FE-B6BA-448C-989E-08F8655FD951}
		{B78A7B2C-BF49-40C2-90B8-3C4053847D6A} = {BEF967FE-B6BA-448C-989E-08F8655FD951}
		{CC707F63-3F67-4552-A9BE-4340D490D674} = {0905D9C9-6A8D-44D8-BDDE-904A5E618508}
		{541D0A69-75A2-46C5-A4B1-9CE83FFDDB8E} = {BEF967FE-B6BA-448C-989E-08F8655FD951}
	EndGlobalSection
	GlobalSection(ExtensibilityGlobals) = postSolution
		SolutionGuid = {AA9DCC92-89A9-4A57-9ED3-C38B57E31276}
	EndGlobalSection
EndGlobal
